{
  "name": "miniprogram-ts-less-quickstart",
  "version": "1.0.0",
  "lockfileVersion": 1,
  "requires": true,
  "dependencies": {
    "@vant/weapp": {
      "version": "1.10.0",
      "resolved": "https://registry.npmmirror.com/@vant/weapp/download/@vant/weapp-1.10.0.tgz",
      "integrity": "sha512-cNW2U98GlYwh8t4loEASyvukITlPohJM9HkAF8/dRSJrKm2689nqE8eeASFkWADdhqayGvy08cWoJhqMNh6ZXA=="
    },
    "miniprogram-api-typings": {
      "version": "3.4.5",
      "resolved": "https://registry.npmmirror.com/miniprogram-api-typings/download/miniprogram-api-typings-3.4.5.tgz",
      "integrity": "sha512-GWvMdmPhJ40PLq4/sOh+n2xGRKf2R3kcuOaSe7IRTdT+Os8lfNrJYehYdgH7IoUWqaHqV8mFEWQj5oPIGhVv4Q==",
      "dev": true
    }
  }
}
